
Microsoft Visual Studio Solution File, Format Version 12.00
# Visual Studio Version 17
VisualStudioVersion = 17.13.35931.197 d17.13
MinimumVisualStudioVersion = 10.0.40219.1
Project("{FAE04EC0-301F-11D3-BF4B-00C04F79EFBC}") = "EmployeeApi", "EmployeeApi\EmployeeApi.csproj", "{8F12DA99-D921-4131-BECE-DD49D06E0712}"
EndProject
Global
	GlobalSection(SolutionConfigurationPlatforms) = preSolution
		Debug|Any CPU = Debug|Any CPU
		Release|Any CPU = Release|Any CPU
	EndGlobalSection
	GlobalSection(ProjectConfigurationPlatforms) = postSolution
		{8F12DA99-D921-4131-BECE-DD49D06E0712}.Debug|Any CPU.ActiveCfg = Debug|Any CPU
		{8F12DA99-D921-4131-BECE-DD49D06E0712}.Debug|Any CPU.Build.0 = Debug|Any CPU
		{8F12DA99-D921-4131-BECE-DD49D06E0712}.Release|Any CPU.ActiveCfg = Release|Any CPU
		{8F12DA99-D921-4131-BECE-DD49D06E0712}.Release|Any CPU.Build.0 = Release|Any CPU
	EndGlobalSection
	GlobalSection(SolutionProperties) = preSolution
		HideSolutionNode = FALSE
	EndGlobalSection
	GlobalSection(ExtensibilityGlobals) = postSolution
		SolutionGuid = {F5583376-C8B5-463B-9ADC-80EC078FA944}
	EndGlobalSection
EndGlobal
